
Microsoft Visual Studio Solution File, Format Version 12.00
# Visual Studio Version 17
VisualStudioVersion = 17.5.33516.290
MinimumVisualStudioVersion = 10.0.40219.1
Project("{9A19103F-16F7-4668-BE54-9A1E7A4F7556}") = "FunWebsiteThing", "FunWebsiteThing.csproj", "{51C884B3-E1C9-4D13-AB80-C8AE073ED2DC}"
EndProject
Global
	GlobalSection(SolutionConfigurationPlatforms) = preSolution
		Debug|Any CPU = Debug|Any CPU
		Release|Any CPU = Release|Any CPU
	EndGlobalSection
	GlobalSection(ProjectConfigurationPlatforms) = postSolution
		{51C884B3-E1C9-4D13-AB80-C8AE073ED2DC}.Debug|Any CPU.ActiveCfg = Debug|Any CPU
		{51C884B3-E1C9-4D13-AB80-C8AE073ED2DC}.Debug|Any CPU.Build.0 = Debug|Any CPU
		{51C884B3-E1C9-4D13-AB80-C8AE073ED2DC}.Release|Any CPU.ActiveCfg = Release|Any CPU
		{51C884B3-E1C9-4D13-AB80-C8AE073ED2DC}.Release|Any CPU.Build.0 = Release|Any CPU
	EndGlobalSection
	GlobalSection(SolutionProperties) = preSolution
		HideSolutionNode = FALSE
	EndGlobalSection
	GlobalSection(ExtensibilityGlobals) = postSolution
		SolutionGuid = {B1884148-C03B-4E35-93F9-470822BBC4B4}
	EndGlobalSection
EndGlobal
